
Microsoft Visual Studio Solution File, Format Version 12.00
# Visual Studio Version 16
VisualStudioVersion = 16.0.29920.165
MinimumVisualStudioVersion = 10.0.40219.1
Project("{FAE04EC0-301F-11D3-BF4B-00C04F79EFBC}") = "0507DLL", "0507DLL\0507DLL.csproj", "{D81A1A3C-C830-4457-8BD9-3A1246671F08}"
EndProject
Global
	GlobalSection(SolutionConfigurationPlatforms) = preSolution
		Debug|Any CPU = Debug|Any CPU
		Release|Any CPU = Release|Any CPU
	EndGlobalSection
	GlobalSection(ProjectConfigurationPlatforms) = postSolution
		{D81A1A3C-C830-4457-8BD9-3A1246671F08}.Debug|Any CPU.ActiveCfg = Debug|Any CPU
		{D81A1A3C-C830-4457-8BD9-3A1246671F08}.Debug|Any CPU.Build.0 = Debug|Any CPU
		{D81A1A3C-C830-4457-8BD9-3A1246671F08}.Release|Any CPU.ActiveCfg = Release|Any CPU
		{D81A1A3C-C830-4457-8BD9-3A1246671F08}.Release|Any CPU.Build.0 = Release|Any CPU
	EndGlobalSection
	GlobalSection(SolutionProperties) = preSolution
		HideSolutionNode = FALSE
	EndGlobalSection
	GlobalSection(ExtensibilityGlobals) = postSolution
		SolutionGuid = {3F7B6BC7-312E-4356-8926-CE92A7245FAE}
	EndGlobalSection
EndGlobal
