
Microsoft Visual Studio Solution File, Format Version 12.00
# Visual Studio Version 16
VisualStudioVersion = 16.0.29920.165
MinimumVisualStudioVersion = 10.0.40219.1
Project("{FAE04EC0-301F-11D3-BF4B-00C04F79EFBC}") = "0506", "0506\0506.csproj", "{8C1D95A9-3265-4CCF-97B0-8C8CD0FA1F32}"
EndProject
Global
	GlobalSection(SolutionConfigurationPlatforms) = preSolution
		Debug|Any CPU = Debug|Any CPU
		Release|Any CPU = Release|Any CPU
	EndGlobalSection
	GlobalSection(ProjectConfigurationPlatforms) = postSolution
		{8C1D95A9-3265-4CCF-97B0-8C8CD0FA1F32}.Debug|Any CPU.ActiveCfg = Debug|Any CPU
		{8C1D95A9-3265-4CCF-97B0-8C8CD0FA1F32}.Debug|Any CPU.Build.0 = Debug|Any CPU
		{8C1D95A9-3265-4CCF-97B0-8C8CD0FA1F32}.Release|Any CPU.ActiveCfg = Release|Any CPU
		{8C1D95A9-3265-4CCF-97B0-8C8CD0FA1F32}.Release|Any CPU.Build.0 = Release|Any CPU
	EndGlobalSection
	GlobalSection(SolutionProperties) = preSolution
		HideSolutionNode = FALSE
	EndGlobalSection
	GlobalSection(ExtensibilityGlobals) = postSolution
		SolutionGuid = {E73BDEF6-6CD9-47FC-9533-D9705D709C20}
	EndGlobalSection
EndGlobal
