
Microsoft Visual Studio Solution File, Format Version 12.00
# Visual Studio Version 16
VisualStudioVersion = 16.0.29920.165
MinimumVisualStudioVersion = 10.0.40219.1
Project("{FAE04EC0-301F-11D3-BF4B-00C04F79EFBC}") = "0504WinForm", "0504WinForm\0504WinForm.csproj", "{7A08A3A7-C1FE-4444-9441-C68421F17887}"
EndProject
Global
	GlobalSection(SolutionConfigurationPlatforms) = preSolution
		Debug|Any CPU = Debug|Any CPU
		Release|Any CPU = Release|Any CPU
	EndGlobalSection
	GlobalSection(ProjectConfigurationPlatforms) = postSolution
		{7A08A3A7-C1FE-4444-9441-C68421F17887}.Debug|Any CPU.ActiveCfg = Debug|Any CPU
		{7A08A3A7-C1FE-4444-9441-C68421F17887}.Debug|Any CPU.Build.0 = Debug|Any CPU
		{7A08A3A7-C1FE-4444-9441-C68421F17887}.Release|Any CPU.ActiveCfg = Release|Any CPU
		{7A08A3A7-C1FE-4444-9441-C68421F17887}.Release|Any CPU.Build.0 = Release|Any CPU
	EndGlobalSection
	GlobalSection(SolutionProperties) = preSolution
		HideSolutionNode = FALSE
	EndGlobalSection
	GlobalSection(ExtensibilityGlobals) = postSolution
		SolutionGuid = {F722D8DE-8F4F-4422-B452-1971B0613925}
	EndGlobalSection
EndGlobal
