
Microsoft Visual Studio Solution File, Format Version 12.00
# Visual Studio Version 16
VisualStudioVersion = 16.0.29920.165
MinimumVisualStudioVersion = 10.0.40219.1
Project("{FAE04EC0-301F-11D3-BF4B-00C04F79EFBC}") = "0428MiniProject", "0428MiniProject\0428MiniProject.csproj", "{DD7202F1-D741-40F4-AB57-58C0930DD3D7}"
EndProject
Global
	GlobalSection(SolutionConfigurationPlatforms) = preSolution
		Debug|Any CPU = Debug|Any CPU
		Release|Any CPU = Release|Any CPU
	EndGlobalSection
	GlobalSection(ProjectConfigurationPlatforms) = postSolution
		{DD7202F1-D741-40F4-AB57-58C0930DD3D7}.Debug|Any CPU.ActiveCfg = Debug|Any CPU
		{DD7202F1-D741-40F4-AB57-58C0930DD3D7}.Debug|Any CPU.Build.0 = Debug|Any CPU
		{DD7202F1-D741-40F4-AB57-58C0930DD3D7}.Release|Any CPU.ActiveCfg = Release|Any CPU
		{DD7202F1-D741-40F4-AB57-58C0930DD3D7}.Release|Any CPU.Build.0 = Release|Any CPU
	EndGlobalSection
	GlobalSection(SolutionProperties) = preSolution
		HideSolutionNode = FALSE
	EndGlobalSection
	GlobalSection(ExtensibilityGlobals) = postSolution
		SolutionGuid = {5881E5B9-FCD2-45AC-9355-C3AE604D9A65}
	EndGlobalSection
EndGlobal
