
Microsoft Visual Studio Solution File, Format Version 12.00
# Visual Studio Version 16
VisualStudioVersion = 16.0.29920.165
MinimumVisualStudioVersion = 10.0.40219.1
Project("{FAE04EC0-301F-11D3-BF4B-00C04F79EFBC}") = "0427과제", "0427과제\0427과제.csproj", "{051E4454-33AB-4228-A3C0-2B53D5E652DF}"
EndProject
Global
	GlobalSection(SolutionConfigurationPlatforms) = preSolution
		Debug|Any CPU = Debug|Any CPU
		Release|Any CPU = Release|Any CPU
	EndGlobalSection
	GlobalSection(ProjectConfigurationPlatforms) = postSolution
		{051E4454-33AB-4228-A3C0-2B53D5E652DF}.Debug|Any CPU.ActiveCfg = Debug|Any CPU
		{051E4454-33AB-4228-A3C0-2B53D5E652DF}.Debug|Any CPU.Build.0 = Debug|Any CPU
		{051E4454-33AB-4228-A3C0-2B53D5E652DF}.Release|Any CPU.ActiveCfg = Release|Any CPU
		{051E4454-33AB-4228-A3C0-2B53D5E652DF}.Release|Any CPU.Build.0 = Release|Any CPU
	EndGlobalSection
	GlobalSection(SolutionProperties) = preSolution
		HideSolutionNode = FALSE
	EndGlobalSection
	GlobalSection(ExtensibilityGlobals) = postSolution
		SolutionGuid = {810C4F76-6B58-4742-A600-501D5AA8870D}
	EndGlobalSection
EndGlobal
