
Microsoft Visual Studio Solution File, Format Version 12.00
# Visual Studio Version 16
VisualStudioVersion = 16.0.29920.165
MinimumVisualStudioVersion = 10.0.40219.1
Project("{FAE04EC0-301F-11D3-BF4B-00C04F79EFBC}") = "0504_1", "0504_1\0504_1.csproj", "{51E58CC5-829D-4064-A862-D393BA50592F}"
EndProject
Global
	GlobalSection(SolutionConfigurationPlatforms) = preSolution
		Debug|Any CPU = Debug|Any CPU
		Release|Any CPU = Release|Any CPU
	EndGlobalSection
	GlobalSection(ProjectConfigurationPlatforms) = postSolution
		{51E58CC5-829D-4064-A862-D393BA50592F}.Debug|Any CPU.ActiveCfg = Debug|Any CPU
		{51E58CC5-829D-4064-A862-D393BA50592F}.Debug|Any CPU.Build.0 = Debug|Any CPU
		{51E58CC5-829D-4064-A862-D393BA50592F}.Release|Any CPU.ActiveCfg = Release|Any CPU
		{51E58CC5-829D-4064-A862-D393BA50592F}.Release|Any CPU.Build.0 = Release|Any CPU
	EndGlobalSection
	GlobalSection(SolutionProperties) = preSolution
		HideSolutionNode = FALSE
	EndGlobalSection
	GlobalSection(ExtensibilityGlobals) = postSolution
		SolutionGuid = {3F9E09D9-9E44-4FDF-9208-7E9F1BAC798C}
	EndGlobalSection
EndGlobal
