
Microsoft Visual Studio Solution File, Format Version 12.00
# Visual Studio Version 16
VisualStudioVersion = 16.0.29920.165
MinimumVisualStudioVersion = 10.0.40219.1
Project("{FAE04EC0-301F-11D3-BF4B-00C04F79EFBC}") = "0427실습", "0427실습\0427실습.csproj", "{51F43DEC-CB26-4D00-8343-A1C27E834443}"
EndProject
Global
	GlobalSection(SolutionConfigurationPlatforms) = preSolution
		Debug|Any CPU = Debug|Any CPU
		Release|Any CPU = Release|Any CPU
	EndGlobalSection
	GlobalSection(ProjectConfigurationPlatforms) = postSolution
		{51F43DEC-CB26-4D00-8343-A1C27E834443}.Debug|Any CPU.ActiveCfg = Debug|Any CPU
		{51F43DEC-CB26-4D00-8343-A1C27E834443}.Debug|Any CPU.Build.0 = Debug|Any CPU
		{51F43DEC-CB26-4D00-8343-A1C27E834443}.Release|Any CPU.ActiveCfg = Release|Any CPU
		{51F43DEC-CB26-4D00-8343-A1C27E834443}.Release|Any CPU.Build.0 = Release|Any CPU
	EndGlobalSection
	GlobalSection(SolutionProperties) = preSolution
		HideSolutionNode = FALSE
	EndGlobalSection
	GlobalSection(ExtensibilityGlobals) = postSolution
		SolutionGuid = {1837BA9D-1C2A-4EF0-B110-DE2D5A247775}
	EndGlobalSection
EndGlobal
